
Microsoft Visual Studio Solution File, Format Version 12.00
# Visual Studio 15
VisualStudioVersion = 15.0.27703.2047
MinimumVisualStudioVersion = 10.0.40219.1
Project("{FAE04EC0-301F-11D3-BF4B-00C04F79EFBC}") = "Playground", "Playground\Playground.csproj", "{B183536C-034B-4843-B5AD-CC66F2C7353C}"
EndProject
Project("{FAE04EC0-301F-11D3-BF4B-00C04F79EFBC}") = "AbstractFactory.Sample1", "AbstractFactory.Sample1\AbstractFactory.Sample1.csproj", "{13455572-2C7A-40A2-B165-CF13BDAC872F}"
EndProject
Project("{FAE04EC0-301F-11D3-BF4B-00C04F79EFBC}") = "AbstractFactory.Sample2", "AbstractFactory.Sample2\AbstractFactory.Sample2.csproj", "{CD189A8B-B050-4832-A815-3915210A1522}"
EndProject
Project("{FAE04EC0-301F-11D3-BF4B-00C04F79EFBC}") = "Builder.Sample1", "Builder.Sample1\Builder.Sample1.csproj", "{707DF122-AE0A-4D98-BA38-5D830D88523D}"
EndProject
Project("{FAE04EC0-301F-11D3-BF4B-00C04F79EFBC}") = "Builder.Sample2", "Builder.Sample2\Builder.Sample2.csproj", "{2A027B5A-7D32-4B70-B729-C839144B824F}"
EndProject
Project("{FAE04EC0-301F-11D3-BF4B-00C04F79EFBC}") = "Singleton.v1", "Singleton.v1\Singleton.v1.csproj", "{7F26B43E-CC2E-4042-95C4-1F622DA0B648}"
EndProject
Project("{FAE04EC0-301F-11D3-BF4B-00C04F79EFBC}") = "Singleton.v2", "Singleton.v2\Singleton.v2.csproj", "{8A6DD3B6-AF18-4CD2-8629-F4ACC7B9AB60}"
EndProject
Project("{FAE04EC0-301F-11D3-BF4B-00C04F79EFBC}") = "Singleton.v3", "Singleton.v3\Singleton.v3.csproj", "{EE66BDE0-70D4-488E-9EDA-ED51D5AF8928}"
EndProject
Project("{FAE04EC0-301F-11D3-BF4B-00C04F79EFBC}") = "Singleton.v4", "Singleton.v4\Singleton.v4.csproj", "{368D6BE1-CC44-4D9C-9F11-F01D781F1BA0}"
EndProject
Project("{FAE04EC0-301F-11D3-BF4B-00C04F79EFBC}") = "Adapter.v1", "Adapter.v1\Adapter.v1.csproj", "{71F402A2-203C-4E7F-9CF1-B58EA07F36BA}"
EndProject
Global
	GlobalSection(SolutionConfigurationPlatforms) = preSolution
		Debug|Any CPU = Debug|Any CPU
		Release|Any CPU = Release|Any CPU
	EndGlobalSection
	GlobalSection(ProjectConfigurationPlatforms) = postSolution
		{B183536C-034B-4843-B5AD-CC66F2C7353C}.Debug|Any CPU.ActiveCfg = Debug|Any CPU
		{B183536C-034B-4843-B5AD-CC66F2C7353C}.Debug|Any CPU.Build.0 = Debug|Any CPU
		{B183536C-034B-4843-B5AD-CC66F2C7353C}.Release|Any CPU.ActiveCfg = Release|Any CPU
		{B183536C-034B-4843-B5AD-CC66F2C7353C}.Release|Any CPU.Build.0 = Release|Any CPU
		{13455572-2C7A-40A2-B165-CF13BDAC872F}.Debug|Any CPU.ActiveCfg = Debug|Any CPU
		{13455572-2C7A-40A2-B165-CF13BDAC872F}.Debug|Any CPU.Build.0 = Debug|Any CPU
		{13455572-2C7A-40A2-B165-CF13BDAC872F}.Release|Any CPU.ActiveCfg = Release|Any CPU
		{13455572-2C7A-40A2-B165-CF13BDAC872F}.Release|Any CPU.Build.0 = Release|Any CPU
		{CD189A8B-B050-4832-A815-3915210A1522}.Debug|Any CPU.ActiveCfg = Debug|Any CPU
		{CD189A8B-B050-4832-A815-3915210A1522}.Debug|Any CPU.Build.0 = Debug|Any CPU
		{CD189A8B-B050-4832-A815-3915210A1522}.Release|Any CPU.ActiveCfg = Release|Any CPU
		{CD189A8B-B050-4832-A815-3915210A1522}.Release|Any CPU.Build.0 = Release|Any CPU
		{707DF122-AE0A-4D98-BA38-5D830D88523D}.Debug|Any CPU.ActiveCfg = Debug|Any CPU
		{707DF122-AE0A-4D98-BA38-5D830D88523D}.Debug|Any CPU.Build.0 = Debug|Any CPU
		{707DF122-AE0A-4D98-BA38-5D830D88523D}.Release|Any CPU.ActiveCfg = Release|Any CPU
		{707DF122-AE0A-4D98-BA38-5D830D88523D}.Release|Any CPU.Build.0 = Release|Any CPU
		{2A027B5A-7D32-4B70-B729-C839144B824F}.Debug|Any CPU.ActiveCfg = Debug|Any CPU
		{2A027B5A-7D32-4B70-B729-C839144B824F}.Debug|Any CPU.Build.0 = Debug|Any CPU
		{2A027B5A-7D32-4B70-B729-C839144B824F}.Release|Any CPU.ActiveCfg = Release|Any CPU
		{2A027B5A-7D32-4B70-B729-C839144B824F}.Release|Any CPU.Build.0 = Release|Any CPU
		{7F26B43E-CC2E-4042-95C4-1F622DA0B648}.Debug|Any CPU.ActiveCfg = Debug|Any CPU
		{7F26B43E-CC2E-4042-95C4-1F622DA0B648}.Debug|Any CPU.Build.0 = Debug|Any CPU
		{7F26B43E-CC2E-4042-95C4-1F622DA0B648}.Release|Any CPU.ActiveCfg = Release|Any CPU
		{7F26B43E-CC2E-4042-95C4-1F622DA0B648}.Release|Any CPU.Build.0 = Release|Any CPU
		{8A6DD3B6-AF18-4CD2-8629-F4ACC7B9AB60}.Debug|Any CPU.ActiveCfg = Debug|Any CPU
		{8A6DD3B6-AF18-4CD2-8629-F4ACC7B9AB60}.Debug|Any CPU.Build.0 = Debug|Any CPU
		{8A6DD3B6-AF18-4CD2-8629-F4ACC7B9AB60}.Release|Any CPU.ActiveCfg = Release|Any CPU
		{8A6DD3B6-AF18-4CD2-8629-F4ACC7B9AB60}.Release|Any CPU.Build.0 = Release|Any CPU
		{EE66BDE0-70D4-488E-9EDA-ED51D5AF8928}.Debug|Any CPU.ActiveCfg = Debug|Any CPU
		{EE66BDE0-70D4-488E-9EDA-ED51D5AF8928}.Debug|Any CPU.Build.0 = Debug|Any CPU
		{EE66BDE0-70D4-488E-9EDA-ED51D5AF8928}.Release|Any CPU.ActiveCfg = Release|Any CPU
		{EE66BDE0-70D4-488E-9EDA-ED51D5AF8928}.Release|Any CPU.Build.0 = Release|Any CPU
		{368D6BE1-CC44-4D9C-9F11-F01D781F1BA0}.Debug|Any CPU.ActiveCfg = Debug|Any CPU
		{368D6BE1-CC44-4D9C-9F11-F01D781F1BA0}.Debug|Any CPU.Build.0 = Debug|Any CPU
		{368D6BE1-CC44-4D9C-9F11-F01D781F1BA0}.Release|Any CPU.ActiveCfg = Release|Any CPU
		{368D6BE1-CC44-4D9C-9F11-F01D781F1BA0}.Release|Any CPU.Build.0 = Release|Any CPU
		{71F402A2-203C-4E7F-9CF1-B58EA07F36BA}.Debug|Any CPU.ActiveCfg = Debug|Any CPU
		{71F402A2-203C-4E7F-9CF1-B58EA07F36BA}.Debug|Any CPU.Build.0 = Debug|Any CPU
		{71F402A2-203C-4E7F-9CF1-B58EA07F36BA}.Release|Any CPU.ActiveCfg = Release|Any CPU
		{71F402A2-203C-4E7F-9CF1-B58EA07F36BA}.Release|Any CPU.Build.0 = Release|Any CPU
	EndGlobalSection
	GlobalSection(SolutionProperties) = preSolution
		HideSolutionNode = FALSE
	EndGlobalSection
	GlobalSection(ExtensibilityGlobals) = postSolution
		SolutionGuid = {72071FDD-B7CA-4916-8CF7-57C83513C8C8}
	EndGlobalSection
EndGlobal
