
Microsoft Visual Studio Solution File, Format Version 12.00
# Visual Studio 15
VisualStudioVersion = 15.0.27703.2047
MinimumVisualStudioVersion = 10.0.40219.1
Project("{FAE04EC0-301F-11D3-BF4B-00C04F79EFBC}") = "Playground", "Playground\Playground.csproj", "{B183536C-034B-4843-B5AD-CC66F2C7353C}"
EndProject
Project("{FAE04EC0-301F-11D3-BF4B-00C04F79EFBC}") = "AbstractFactory.Sample1", "AbstractFactory.Sample1\AbstractFactory.Sample1.csproj", "{13455572-2C7A-40A2-B165-CF13BDAC872F}"
EndProject
Project("{FAE04EC0-301F-11D3-BF4B-00C04F79EFBC}") = "AbstractFactory.Sample2", "AbstractFactory.Sample2\AbstractFactory.Sample2.csproj", "{CD189A8B-B050-4832-A815-3915210A1522}"
EndProject
Project("{FAE04EC0-301F-11D3-BF4B-00C04F79EFBC}") = "Builder.Sample1", "Builder.Sample1\Builder.Sample1.csproj", "{707DF122-AE0A-4D98-BA38-5D830D88523D}"
EndProject
Project("{FAE04EC0-301F-11D3-BF4B-00C04F79EFBC}") = "Builder.Sample2", "Builder.Sample2\Builder.Sample2.csproj", "{2A027B5A-7D32-4B70-B729-C839144B824F}"
EndProject
Project("{FAE04EC0-301F-11D3-BF4B-00C04F79EFBC}") = "Singleton.v1", "Singleton.v1\Singleton.v1.csproj", "{7F26B43E-CC2E-4042-95C4-1F622DA0B648}"
EndProject
Project("{FAE04EC0-301F-11D3-BF4B-00C04F79EFBC}") = "Singleton.v2", "Singleton.v2\Singleton.v2.csproj", "{8A6DD3B6-AF18-4CD2-8629-F4ACC7B9AB60}"
EndProject
Project("{FAE04EC0-301F-11D3-BF4B-00C04F79EFBC}") = "Singleton.v3", "Singleton.v3\Singleton.v3.csproj", "{EE66BDE0-70D4-488E-9EDA-ED51D5AF8928}"
EndProject
Project("{FAE04EC0-301F-11D3-BF4B-00C04F79EFBC}") = "Singleton.v4", "Singleton.v4\Singleton.v4.csproj", "{368D6BE1-CC44-4D9C-9F11-F01D781F1BA0}"
EndProject
Project("{FAE04EC0-301F-11D3-BF4B-00C04F79EFBC}") = "Adapter.v1", "Adapter.v1\Adapter.v1.csproj", "{71F402A2-203C-4E7F-9CF1-B58EA07F36BA}"
EndProject
Project("{FAE04EC0-301F-11D3-BF4B-00C04F79EFBC}") = "Bridge", "Bridge\Bridge.csproj", "{2770AB8A-FD82-438C-A2C3-6C8467A820A4}"
EndProject
Project("{FAE04EC0-301F-11D3-BF4B-00C04F79EFBC}") = "Adapter.v2", "Adapter.v2\Adapter.v2.csproj", "{D72940C2-E216-4A73-80C9-E89D50BADD47}"
EndProject
Project("{FAE04EC0-301F-11D3-BF4B-00C04F79EFBC}") = "Composite", "Composite\Composite.csproj", "{D77C40C8-E019-4F78-81C1-BBA0B0E5AE4A}"
EndProject
Project("{FAE04EC0-301F-11D3-BF4B-00C04F79EFBC}") = "Decorator", "Decorator\Decorator.csproj", "{49953BB4-5DDD-4ABB-8A4E-C1EA0682436C}"
EndProject
Project("{FAE04EC0-301F-11D3-BF4B-00C04F79EFBC}") = "Flyweight", "Flyweight\Flyweight.csproj", "{3F3A9455-F19F-438D-AE44-EAB308675DBD}"
EndProject
Project("{FAE04EC0-301F-11D3-BF4B-00C04F79EFBC}") = "ChainOfResponsibility.v1", "ChainOfResponsibility.v1\ChainOfResponsibility.v1.csproj", "{52ABDBE4-D0C0-48B9-8C14-3C4348D2DAB5}"
EndProject
Project("{FAE04EC0-301F-11D3-BF4B-00C04F79EFBC}") = "ChainOfResponsibility.v2", "ChainOfResponsibility.v2\ChainOfResponsibility.v2.csproj", "{D8CCACFF-6DC2-4870-B6A7-00ED5642DC81}"
EndProject
Project("{FAE04EC0-301F-11D3-BF4B-00C04F79EFBC}") = "Mediator", "Mediator\Mediator.csproj", "{0C56715D-603F-4954-BED0-CBAC12E690CC}"
EndProject
Project("{FAE04EC0-301F-11D3-BF4B-00C04F79EFBC}") = "Memento.Example1", "Memento.Example1\Memento.Example1.csproj", "{DFF0F7AB-6CDC-4C17-A238-B78FDFD0610B}"
EndProject
Project("{FAE04EC0-301F-11D3-BF4B-00C04F79EFBC}") = "Memento.Example2", "Memento.Example2\Memento.Example2.csproj", "{26FF4FD1-67A1-4512-94D6-1C1F96AC2193}"
EndProject
Project("{FAE04EC0-301F-11D3-BF4B-00C04F79EFBC}") = "Iterator", "Iterator\Iterator.csproj", "{760AE52B-1506-47CA-97CD-DA8713BA8243}"
EndProject
Project("{FAE04EC0-301F-11D3-BF4B-00C04F79EFBC}") = "DoubleDispatch.v1", "DoubleDispatch.v1\DoubleDispatch.v1.csproj", "{D125D289-802D-4C0B-AA9A-DA81D4EBDB8F}"
EndProject
Project("{FAE04EC0-301F-11D3-BF4B-00C04F79EFBC}") = "DoubleDispatch.v2", "DoubleDispatch.v2\DoubleDispatch.v2.csproj", "{D2B8726C-444E-4E46-9D00-F4F7A7D54C52}"
EndProject
Project("{FAE04EC0-301F-11D3-BF4B-00C04F79EFBC}") = "Visitor", "Visitor\Visitor.csproj", "{A753EC42-BE13-46E7-830C-4B6A05FA8C96}"
EndProject
Project("{FAE04EC0-301F-11D3-BF4B-00C04F79EFBC}") = "State", "State\State.csproj", "{5C99FBB5-8157-49A8-808C-7679C1DA711E}"
EndProject
Global
	GlobalSection(SolutionConfigurationPlatforms) = preSolution
		Debug|Any CPU = Debug|Any CPU
		Release|Any CPU = Release|Any CPU
	EndGlobalSection
	GlobalSection(ProjectConfigurationPlatforms) = postSolution
		{B183536C-034B-4843-B5AD-CC66F2C7353C}.Debug|Any CPU.ActiveCfg = Debug|Any CPU
		{B183536C-034B-4843-B5AD-CC66F2C7353C}.Debug|Any CPU.Build.0 = Debug|Any CPU
		{B183536C-034B-4843-B5AD-CC66F2C7353C}.Release|Any CPU.ActiveCfg = Release|Any CPU
		{B183536C-034B-4843-B5AD-CC66F2C7353C}.Release|Any CPU.Build.0 = Release|Any CPU
		{13455572-2C7A-40A2-B165-CF13BDAC872F}.Debug|Any CPU.ActiveCfg = Debug|Any CPU
		{13455572-2C7A-40A2-B165-CF13BDAC872F}.Debug|Any CPU.Build.0 = Debug|Any CPU
		{13455572-2C7A-40A2-B165-CF13BDAC872F}.Release|Any CPU.ActiveCfg = Release|Any CPU
		{13455572-2C7A-40A2-B165-CF13BDAC872F}.Release|Any CPU.Build.0 = Release|Any CPU
		{CD189A8B-B050-4832-A815-3915210A1522}.Debug|Any CPU.ActiveCfg = Debug|Any CPU
		{CD189A8B-B050-4832-A815-3915210A1522}.Debug|Any CPU.Build.0 = Debug|Any CPU
		{CD189A8B-B050-4832-A815-3915210A1522}.Release|Any CPU.ActiveCfg = Release|Any CPU
		{CD189A8B-B050-4832-A815-3915210A1522}.Release|Any CPU.Build.0 = Release|Any CPU
		{707DF122-AE0A-4D98-BA38-5D830D88523D}.Debug|Any CPU.ActiveCfg = Debug|Any CPU
		{707DF122-AE0A-4D98-BA38-5D830D88523D}.Debug|Any CPU.Build.0 = Debug|Any CPU
		{707DF122-AE0A-4D98-BA38-5D830D88523D}.Release|Any CPU.ActiveCfg = Release|Any CPU
		{707DF122-AE0A-4D98-BA38-5D830D88523D}.Release|Any CPU.Build.0 = Release|Any CPU
		{2A027B5A-7D32-4B70-B729-C839144B824F}.Debug|Any CPU.ActiveCfg = Debug|Any CPU
		{2A027B5A-7D32-4B70-B729-C839144B824F}.Debug|Any CPU.Build.0 = Debug|Any CPU
		{2A027B5A-7D32-4B70-B729-C839144B824F}.Release|Any CPU.ActiveCfg = Release|Any CPU
		{2A027B5A-7D32-4B70-B729-C839144B824F}.Release|Any CPU.Build.0 = Release|Any CPU
		{7F26B43E-CC2E-4042-95C4-1F622DA0B648}.Debug|Any CPU.ActiveCfg = Debug|Any CPU
		{7F26B43E-CC2E-4042-95C4-1F622DA0B648}.Debug|Any CPU.Build.0 = Debug|Any CPU
		{7F26B43E-CC2E-4042-95C4-1F622DA0B648}.Release|Any CPU.ActiveCfg = Release|Any CPU
		{7F26B43E-CC2E-4042-95C4-1F622DA0B648}.Release|Any CPU.Build.0 = Release|Any CPU
		{8A6DD3B6-AF18-4CD2-8629-F4ACC7B9AB60}.Debug|Any CPU.ActiveCfg = Debug|Any CPU
		{8A6DD3B6-AF18-4CD2-8629-F4ACC7B9AB60}.Debug|Any CPU.Build.0 = Debug|Any CPU
		{8A6DD3B6-AF18-4CD2-8629-F4ACC7B9AB60}.Release|Any CPU.ActiveCfg = Release|Any CPU
		{8A6DD3B6-AF18-4CD2-8629-F4ACC7B9AB60}.Release|Any CPU.Build.0 = Release|Any CPU
		{EE66BDE0-70D4-488E-9EDA-ED51D5AF8928}.Debug|Any CPU.ActiveCfg = Debug|Any CPU
		{EE66BDE0-70D4-488E-9EDA-ED51D5AF8928}.Debug|Any CPU.Build.0 = Debug|Any CPU
		{EE66BDE0-70D4-488E-9EDA-ED51D5AF8928}.Release|Any CPU.ActiveCfg = Release|Any CPU
		{EE66BDE0-70D4-488E-9EDA-ED51D5AF8928}.Release|Any CPU.Build.0 = Release|Any CPU
		{368D6BE1-CC44-4D9C-9F11-F01D781F1BA0}.Debug|Any CPU.ActiveCfg = Debug|Any CPU
		{368D6BE1-CC44-4D9C-9F11-F01D781F1BA0}.Debug|Any CPU.Build.0 = Debug|Any CPU
		{368D6BE1-CC44-4D9C-9F11-F01D781F1BA0}.Release|Any CPU.ActiveCfg = Release|Any CPU
		{368D6BE1-CC44-4D9C-9F11-F01D781F1BA0}.Release|Any CPU.Build.0 = Release|Any CPU
		{71F402A2-203C-4E7F-9CF1-B58EA07F36BA}.Debug|Any CPU.ActiveCfg = Debug|Any CPU
		{71F402A2-203C-4E7F-9CF1-B58EA07F36BA}.Debug|Any CPU.Build.0 = Debug|Any CPU
		{71F402A2-203C-4E7F-9CF1-B58EA07F36BA}.Release|Any CPU.ActiveCfg = Release|Any CPU
		{71F402A2-203C-4E7F-9CF1-B58EA07F36BA}.Release|Any CPU.Build.0 = Release|Any CPU
		{2770AB8A-FD82-438C-A2C3-6C8467A820A4}.Debug|Any CPU.ActiveCfg = Debug|Any CPU
		{2770AB8A-FD82-438C-A2C3-6C8467A820A4}.Debug|Any CPU.Build.0 = Debug|Any CPU
		{2770AB8A-FD82-438C-A2C3-6C8467A820A4}.Release|Any CPU.ActiveCfg = Release|Any CPU
		{2770AB8A-FD82-438C-A2C3-6C8467A820A4}.Release|Any CPU.Build.0 = Release|Any CPU
		{D72940C2-E216-4A73-80C9-E89D50BADD47}.Debug|Any CPU.ActiveCfg = Debug|Any CPU
		{D72940C2-E216-4A73-80C9-E89D50BADD47}.Debug|Any CPU.Build.0 = Debug|Any CPU
		{D72940C2-E216-4A73-80C9-E89D50BADD47}.Release|Any CPU.ActiveCfg = Release|Any CPU
		{D72940C2-E216-4A73-80C9-E89D50BADD47}.Release|Any CPU.Build.0 = Release|Any CPU
		{D77C40C8-E019-4F78-81C1-BBA0B0E5AE4A}.Debug|Any CPU.ActiveCfg = Debug|Any CPU
		{D77C40C8-E019-4F78-81C1-BBA0B0E5AE4A}.Debug|Any CPU.Build.0 = Debug|Any CPU
		{D77C40C8-E019-4F78-81C1-BBA0B0E5AE4A}.Release|Any CPU.ActiveCfg = Release|Any CPU
		{D77C40C8-E019-4F78-81C1-BBA0B0E5AE4A}.Release|Any CPU.Build.0 = Release|Any CPU
		{49953BB4-5DDD-4ABB-8A4E-C1EA0682436C}.Debug|Any CPU.ActiveCfg = Debug|Any CPU
		{49953BB4-5DDD-4ABB-8A4E-C1EA0682436C}.Debug|Any CPU.Build.0 = Debug|Any CPU
		{49953BB4-5DDD-4ABB-8A4E-C1EA0682436C}.Release|Any CPU.ActiveCfg = Release|Any CPU
		{49953BB4-5DDD-4ABB-8A4E-C1EA0682436C}.Release|Any CPU.Build.0 = Release|Any CPU
		{3F3A9455-F19F-438D-AE44-EAB308675DBD}.Debug|Any CPU.ActiveCfg = Debug|Any CPU
		{3F3A9455-F19F-438D-AE44-EAB308675DBD}.Debug|Any CPU.Build.0 = Debug|Any CPU
		{3F3A9455-F19F-438D-AE44-EAB308675DBD}.Release|Any CPU.ActiveCfg = Release|Any CPU
		{3F3A9455-F19F-438D-AE44-EAB308675DBD}.Release|Any CPU.Build.0 = Release|Any CPU
		{52ABDBE4-D0C0-48B9-8C14-3C4348D2DAB5}.Debug|Any CPU.ActiveCfg = Debug|Any CPU
		{52ABDBE4-D0C0-48B9-8C14-3C4348D2DAB5}.Debug|Any CPU.Build.0 = Debug|Any CPU
		{52ABDBE4-D0C0-48B9-8C14-3C4348D2DAB5}.Release|Any CPU.ActiveCfg = Release|Any CPU
		{52ABDBE4-D0C0-48B9-8C14-3C4348D2DAB5}.Release|Any CPU.Build.0 = Release|Any CPU
		{D8CCACFF-6DC2-4870-B6A7-00ED5642DC81}.Debug|Any CPU.ActiveCfg = Debug|Any CPU
		{D8CCACFF-6DC2-4870-B6A7-00ED5642DC81}.Debug|Any CPU.Build.0 = Debug|Any CPU
		{D8CCACFF-6DC2-4870-B6A7-00ED5642DC81}.Release|Any CPU.ActiveCfg = Release|Any CPU
		{D8CCACFF-6DC2-4870-B6A7-00ED5642DC81}.Release|Any CPU.Build.0 = Release|Any CPU
		{0C56715D-603F-4954-BED0-CBAC12E690CC}.Debug|Any CPU.ActiveCfg = Debug|Any CPU
		{0C56715D-603F-4954-BED0-CBAC12E690CC}.Debug|Any CPU.Build.0 = Debug|Any CPU
		{0C56715D-603F-4954-BED0-CBAC12E690CC}.Release|Any CPU.ActiveCfg = Release|Any CPU
		{0C56715D-603F-4954-BED0-CBAC12E690CC}.Release|Any CPU.Build.0 = Release|Any CPU
		{DFF0F7AB-6CDC-4C17-A238-B78FDFD0610B}.Debug|Any CPU.ActiveCfg = Debug|Any CPU
		{DFF0F7AB-6CDC-4C17-A238-B78FDFD0610B}.Debug|Any CPU.Build.0 = Debug|Any CPU
		{DFF0F7AB-6CDC-4C17-A238-B78FDFD0610B}.Release|Any CPU.ActiveCfg = Release|Any CPU
		{DFF0F7AB-6CDC-4C17-A238-B78FDFD0610B}.Release|Any CPU.Build.0 = Release|Any CPU
		{26FF4FD1-67A1-4512-94D6-1C1F96AC2193}.Debug|Any CPU.ActiveCfg = Debug|Any CPU
		{26FF4FD1-67A1-4512-94D6-1C1F96AC2193}.Debug|Any CPU.Build.0 = Debug|Any CPU
		{26FF4FD1-67A1-4512-94D6-1C1F96AC2193}.Release|Any CPU.ActiveCfg = Release|Any CPU
		{26FF4FD1-67A1-4512-94D6-1C1F96AC2193}.Release|Any CPU.Build.0 = Release|Any CPU
		{760AE52B-1506-47CA-97CD-DA8713BA8243}.Debug|Any CPU.ActiveCfg = Debug|Any CPU
		{760AE52B-1506-47CA-97CD-DA8713BA8243}.Debug|Any CPU.Build.0 = Debug|Any CPU
		{760AE52B-1506-47CA-97CD-DA8713BA8243}.Release|Any CPU.ActiveCfg = Release|Any CPU
		{760AE52B-1506-47CA-97CD-DA8713BA8243}.Release|Any CPU.Build.0 = Release|Any CPU
		{D125D289-802D-4C0B-AA9A-DA81D4EBDB8F}.Debug|Any CPU.ActiveCfg = Debug|Any CPU
		{D125D289-802D-4C0B-AA9A-DA81D4EBDB8F}.Debug|Any CPU.Build.0 = Debug|Any CPU
		{D125D289-802D-4C0B-AA9A-DA81D4EBDB8F}.Release|Any CPU.ActiveCfg = Release|Any CPU
		{D125D289-802D-4C0B-AA9A-DA81D4EBDB8F}.Release|Any CPU.Build.0 = Release|Any CPU
		{D2B8726C-444E-4E46-9D00-F4F7A7D54C52}.Debug|Any CPU.ActiveCfg = Debug|Any CPU
		{D2B8726C-444E-4E46-9D00-F4F7A7D54C52}.Debug|Any CPU.Build.0 = Debug|Any CPU
		{D2B8726C-444E-4E46-9D00-F4F7A7D54C52}.Release|Any CPU.ActiveCfg = Release|Any CPU
		{D2B8726C-444E-4E46-9D00-F4F7A7D54C52}.Release|Any CPU.Build.0 = Release|Any CPU
		{A753EC42-BE13-46E7-830C-4B6A05FA8C96}.Debug|Any CPU.ActiveCfg = Debug|Any CPU
		{A753EC42-BE13-46E7-830C-4B6A05FA8C96}.Debug|Any CPU.Build.0 = Debug|Any CPU
		{A753EC42-BE13-46E7-830C-4B6A05FA8C96}.Release|Any CPU.ActiveCfg = Release|Any CPU
		{A753EC42-BE13-46E7-830C-4B6A05FA8C96}.Release|Any CPU.Build.0 = Release|Any CPU
		{5C99FBB5-8157-49A8-808C-7679C1DA711E}.Debug|Any CPU.ActiveCfg = Debug|Any CPU
		{5C99FBB5-8157-49A8-808C-7679C1DA711E}.Debug|Any CPU.Build.0 = Debug|Any CPU
		{5C99FBB5-8157-49A8-808C-7679C1DA711E}.Release|Any CPU.ActiveCfg = Release|Any CPU
		{5C99FBB5-8157-49A8-808C-7679C1DA711E}.Release|Any CPU.Build.0 = Release|Any CPU
	EndGlobalSection
	GlobalSection(SolutionProperties) = preSolution
		HideSolutionNode = FALSE
	EndGlobalSection
	GlobalSection(ExtensibilityGlobals) = postSolution
		SolutionGuid = {72071FDD-B7CA-4916-8CF7-57C83513C8C8}
	EndGlobalSection
EndGlobal
